
Microsoft Visual Studio Solution File, Format Version 12.00
# Visual Studio Version 17
VisualStudioVersion = 17.14.36717.8 d17.14
MinimumVisualStudioVersion = 10.0.40219.1
Project("{FAE04EC0-301F-11D3-BF4B-00C04F79EFBC}") = "XProducts.Core", "XProducts.Core\XProducts.Core.csproj", "{74989319-BF52-427F-B5CA-7341784A6C0D}"
EndProject
Project("{FAE04EC0-301F-11D3-BF4B-00C04F79EFBC}") = "XProducts.Infrastructure", "XProducts.Infrastructure\XProducts.Infrastructure.csproj", "{17A0404B-D677-4822-AED1-D8F9831B57F7}"
EndProject
Project("{FAE04EC0-301F-11D3-BF4B-00C04F79EFBC}") = "XProducts.API", "XProducts.API\XProducts.API.csproj", "{D1B60CB3-E2CB-4FAE-A744-C8A8B7ABC383}"
EndProject
Global
	GlobalSection(SolutionConfigurationPlatforms) = preSolution
		Debug|Any CPU = Debug|Any CPU
		Release|Any CPU = Release|Any CPU
	EndGlobalSection
	GlobalSection(ProjectConfigurationPlatforms) = postSolution
		{74989319-BF52-427F-B5CA-7341784A6C0D}.Debug|Any CPU.ActiveCfg = Debug|Any CPU
		{74989319-BF52-427F-B5CA-7341784A6C0D}.Debug|Any CPU.Build.0 = Debug|Any CPU
		{74989319-BF52-427F-B5CA-7341784A6C0D}.Release|Any CPU.ActiveCfg = Release|Any CPU
		{74989319-BF52-427F-B5CA-7341784A6C0D}.Release|Any CPU.Build.0 = Release|Any CPU
		{17A0404B-D677-4822-AED1-D8F9831B57F7}.Debug|Any CPU.ActiveCfg = Debug|Any CPU
		{17A0404B-D677-4822-AED1-D8F9831B57F7}.Debug|Any CPU.Build.0 = Debug|Any CPU
		{17A0404B-D677-4822-AED1-D8F9831B57F7}.Release|Any CPU.ActiveCfg = Release|Any CPU
		{17A0404B-D677-4822-AED1-D8F9831B57F7}.Release|Any CPU.Build.0 = Release|Any CPU
		{D1B60CB3-E2CB-4FAE-A744-C8A8B7ABC383}.Debug|Any CPU.ActiveCfg = Debug|Any CPU
		{D1B60CB3-E2CB-4FAE-A744-C8A8B7ABC383}.Debug|Any CPU.Build.0 = Debug|Any CPU
		{D1B60CB3-E2CB-4FAE-A744-C8A8B7ABC383}.Release|Any CPU.ActiveCfg = Release|Any CPU
		{D1B60CB3-E2CB-4FAE-A744-C8A8B7ABC383}.Release|Any CPU.Build.0 = Release|Any CPU
	EndGlobalSection
	GlobalSection(SolutionProperties) = preSolution
		HideSolutionNode = FALSE
	EndGlobalSection
	GlobalSection(ExtensibilityGlobals) = postSolution
		SolutionGuid = {1F68375A-9F6E-49A2-A66D-4A52B010C4BF}
	EndGlobalSection
EndGlobal
